
Microsoft Visual Studio Solution File, Format Version 12.00
# Visual Studio 14
VisualStudioVersion = 14.0.25420.1
MinimumVisualStudioVersion = 10.0.40219.1
Project("{FAE04EC0-301F-11D3-BF4B-00C04F79EFBC}") = "XFValidation", "XFValidation\XFValidation\XFValidation.csproj", "{D063A546-7A0E-4572-99F4-4F2D92A34D11}"
EndProject
Project("{FAE04EC0-301F-11D3-BF4B-00C04F79EFBC}") = "XFValidation.Droid", "XFValidation\XFValidation.Droid\XFValidation.Droid.csproj", "{7E72E9C3-5CA3-43EE-A768-B602110D42FD}"
EndProject
Project("{FAE04EC0-301F-11D3-BF4B-00C04F79EFBC}") = "XFValidation.iOS", "XFValidation\XFValidation.iOS\XFValidation.iOS.csproj", "{06BF59F9-E5BF-42AA-BC64-68A1C9308E10}"
EndProject
Global
	GlobalSection(SolutionConfigurationPlatforms) = preSolution
		Ad-Hoc|Any CPU = Ad-Hoc|Any CPU
		Ad-Hoc|ARM = Ad-Hoc|ARM
		Ad-Hoc|iPhone = Ad-Hoc|iPhone
		Ad-Hoc|iPhoneSimulator = Ad-Hoc|iPhoneSimulator
		Ad-Hoc|x64 = Ad-Hoc|x64
		Ad-Hoc|x86 = Ad-Hoc|x86
		AppStore|Any CPU = AppStore|Any CPU
		AppStore|ARM = AppStore|ARM
		AppStore|iPhone = AppStore|iPhone
		AppStore|iPhoneSimulator = AppStore|iPhoneSimulator
		AppStore|x64 = AppStore|x64
		AppStore|x86 = AppStore|x86
		Debug|Any CPU = Debug|Any CPU
		Debug|ARM = Debug|ARM
		Debug|iPhone = Debug|iPhone
		Debug|iPhoneSimulator = Debug|iPhoneSimulator
		Debug|x64 = Debug|x64
		Debug|x86 = Debug|x86
		Release|Any CPU = Release|Any CPU
		Release|ARM = Release|ARM
		Release|iPhone = Release|iPhone
		Release|iPhoneSimulator = Release|iPhoneSimulator
		Release|x64 = Release|x64
		Release|x86 = Release|x86
	EndGlobalSection
	GlobalSection(ProjectConfigurationPlatforms) = postSolution
		{D063A546-7A0E-4572-99F4-4F2D92A34D11}.Ad-Hoc|Any CPU.ActiveCfg = Release|Any CPU
		{D063A546-7A0E-4572-99F4-4F2D92A34D11}.Ad-Hoc|Any CPU.Build.0 = Release|Any CPU
		{D063A546-7A0E-4572-99F4-4F2D92A34D11}.Ad-Hoc|ARM.ActiveCfg = Release|Any CPU
		{D063A546-7A0E-4572-99F4-4F2D92A34D11}.Ad-Hoc|ARM.Build.0 = Release|Any CPU
		{D063A546-7A0E-4572-99F4-4F2D92A34D11}.Ad-Hoc|iPhone.ActiveCfg = Release|Any CPU
		{D063A546-7A0E-4572-99F4-4F2D92A34D11}.Ad-Hoc|iPhone.Build.0 = Release|Any CPU
		{D063A546-7A0E-4572-99F4-4F2D92A34D11}.Ad-Hoc|iPhoneSimulator.ActiveCfg = Release|Any CPU
		{D063A546-7A0E-4572-99F4-4F2D92A34D11}.Ad-Hoc|iPhoneSimulator.Build.0 = Release|Any CPU
		{D063A546-7A0E-4572-99F4-4F2D92A34D11}.Ad-Hoc|x64.ActiveCfg = Release|Any CPU
		{D063A546-7A0E-4572-99F4-4F2D92A34D11}.Ad-Hoc|x64.Build.0 = Release|Any CPU
		{D063A546-7A0E-4572-99F4-4F2D92A34D11}.Ad-Hoc|x86.ActiveCfg = Release|Any CPU
		{D063A546-7A0E-4572-99F4-4F2D92A34D11}.Ad-Hoc|x86.Build.0 = Release|Any CPU
		{D063A546-7A0E-4572-99F4-4F2D92A34D11}.AppStore|Any CPU.ActiveCfg = Release|Any CPU
		{D063A546-7A0E-4572-99F4-4F2D92A34D11}.AppStore|Any CPU.Build.0 = Release|Any CPU
		{D063A546-7A0E-4572-99F4-4F2D92A34D11}.AppStore|ARM.ActiveCfg = Release|Any CPU
		{D063A546-7A0E-4572-99F4-4F2D92A34D11}.AppStore|ARM.Build.0 = Release|Any CPU
		{D063A546-7A0E-4572-99F4-4F2D92A34D11}.AppStore|iPhone.ActiveCfg = Release|Any CPU
		{D063A546-7A0E-4572-99F4-4F2D92A34D11}.AppStore|iPhone.Build.0 = Release|Any CPU
		{D063A546-7A0E-4572-99F4-4F2D92A34D11}.AppStore|iPhoneSimulator.ActiveCfg = Release|Any CPU
		{D063A546-7A0E-4572-99F4-4F2D92A34D11}.AppStore|iPhoneSimulator.Build.0 = Release|Any CPU
		{D063A546-7A0E-4572-99F4-4F2D92A34D11}.AppStore|x64.ActiveCfg = Release|Any CPU
		{D063A546-7A0E-4572-99F4-4F2D92A34D11}.AppStore|x64.Build.0 = Release|Any CPU
		{D063A546-7A0E-4572-99F4-4F2D92A34D11}.AppStore|x86.ActiveCfg = Release|Any CPU
		{D063A546-7A0E-4572-99F4-4F2D92A34D11}.AppStore|x86.Build.0 = Release|Any CPU
		{D063A546-7A0E-4572-99F4-4F2D92A34D11}.Debug|Any CPU.ActiveCfg = Debug|Any CPU
		{D063A546-7A0E-4572-99F4-4F2D92A34D11}.Debug|Any CPU.Build.0 = Debug|Any CPU
		{D063A546-7A0E-4572-99F4-4F2D92A34D11}.Debug|ARM.ActiveCfg = Debug|Any CPU
		{D063A546-7A0E-4572-99F4-4F2D92A34D11}.Debug|ARM.Build.0 = Debug|Any CPU
		{D063A546-7A0E-4572-99F4-4F2D92A34D11}.Debug|iPhone.ActiveCfg = Debug|Any CPU
		{D063A546-7A0E-4572-99F4-4F2D92A34D11}.Debug|iPhone.Build.0 = Debug|Any CPU
		{D063A546-7A0E-4572-99F4-4F2D92A34D11}.Debug|iPhoneSimulator.ActiveCfg = Debug|Any CPU
		{D063A546-7A0E-4572-99F4-4F2D92A34D11}.Debug|iPhoneSimulator.Build.0 = Debug|Any CPU
		{D063A546-7A0E-4572-99F4-4F2D92A34D11}.Debug|x64.ActiveCfg = Debug|Any CPU
		{D063A546-7A0E-4572-99F4-4F2D92A34D11}.Debug|x64.Build.0 = Debug|Any CPU
		{D063A546-7A0E-4572-99F4-4F2D92A34D11}.Debug|x86.ActiveCfg = Debug|Any CPU
		{D063A546-7A0E-4572-99F4-4F2D92A34D11}.Debug|x86.Build.0 = Debug|Any CPU
		{D063A546-7A0E-4572-99F4-4F2D92A34D11}.Release|Any CPU.ActiveCfg = Release|Any CPU
		{D063A546-7A0E-4572-99F4-4F2D92A34D11}.Release|Any CPU.Build.0 = Release|Any CPU
		{D063A546-7A0E-4572-99F4-4F2D92A34D11}.Release|ARM.ActiveCfg = Release|Any CPU
		{D063A546-7A0E-4572-99F4-4F2D92A34D11}.Release|ARM.Build.0 = Release|Any CPU
		{D063A546-7A0E-4572-99F4-4F2D92A34D11}.Release|iPhone.ActiveCfg = Release|Any CPU
		{D063A546-7A0E-4572-99F4-4F2D92A34D11}.Release|iPhone.Build.0 = Release|Any CPU
		{D063A546-7A0E-4572-99F4-4F2D92A34D11}.Release|iPhoneSimulator.ActiveCfg = Release|Any CPU
		{D063A546-7A0E-4572-99F4-4F2D92A34D11}.Release|iPhoneSimulator.Build.0 = Release|Any CPU
		{D063A546-7A0E-4572-99F4-4F2D92A34D11}.Release|x64.ActiveCfg = Release|Any CPU
		{D063A546-7A0E-4572-99F4-4F2D92A34D11}.Release|x64.Build.0 = Release|Any CPU
		{D063A546-7A0E-4572-99F4-4F2D92A34D11}.Release|x86.ActiveCfg = Release|Any CPU
		{D063A546-7A0E-4572-99F4-4F2D92A34D11}.Release|x86.Build.0 = Release|Any CPU
		{7E72E9C3-5CA3-43EE-A768-B602110D42FD}.Ad-Hoc|Any CPU.ActiveCfg = Release|Any CPU
		{7E72E9C3-5CA3-43EE-A768-B602110D42FD}.Ad-Hoc|Any CPU.Build.0 = Release|Any CPU
		{7E72E9C3-5CA3-43EE-A768-B602110D42FD}.Ad-Hoc|Any CPU.Deploy.0 = Release|Any CPU
		{7E72E9C3-5CA3-43EE-A768-B602110D42FD}.Ad-Hoc|ARM.ActiveCfg = Release|Any CPU
		{7E72E9C3-5CA3-43EE-A768-B602110D42FD}.Ad-Hoc|ARM.Build.0 = Release|Any CPU
		{7E72E9C3-5CA3-43EE-A768-B602110D42FD}.Ad-Hoc|ARM.Deploy.0 = Release|Any CPU
		{7E72E9C3-5CA3-43EE-A768-B602110D42FD}.Ad-Hoc|iPhone.ActiveCfg = Release|Any CPU
		{7E72E9C3-5CA3-43EE-A768-B602110D42FD}.Ad-Hoc|iPhone.Build.0 = Release|Any CPU
		{7E72E9C3-5CA3-43EE-A768-B602110D42FD}.Ad-Hoc|iPhone.Deploy.0 = Release|Any CPU
		{7E72E9C3-5CA3-43EE-A768-B602110D42FD}.Ad-Hoc|iPhoneSimulator.ActiveCfg = Release|Any CPU
		{7E72E9C3-5CA3-43EE-A768-B602110D42FD}.Ad-Hoc|iPhoneSimulator.Build.0 = Release|Any CPU
		{7E72E9C3-5CA3-43EE-A768-B602110D42FD}.Ad-Hoc|iPhoneSimulator.Deploy.0 = Release|Any CPU
		{7E72E9C3-5CA3-43EE-A768-B602110D42FD}.Ad-Hoc|x64.ActiveCfg = Release|Any CPU
		{7E72E9C3-5CA3-43EE-A768-B602110D42FD}.Ad-Hoc|x64.Build.0 = Release|Any CPU
		{7E72E9C3-5CA3-43EE-A768-B602110D42FD}.Ad-Hoc|x64.Deploy.0 = Release|Any CPU
		{7E72E9C3-5CA3-43EE-A768-B602110D42FD}.Ad-Hoc|x86.ActiveCfg = Release|Any CPU
		{7E72E9C3-5CA3-43EE-A768-B602110D42FD}.Ad-Hoc|x86.Build.0 = Release|Any CPU
		{7E72E9C3-5CA3-43EE-A768-B602110D42FD}.Ad-Hoc|x86.Deploy.0 = Release|Any CPU
		{7E72E9C3-5CA3-43EE-A768-B602110D42FD}.AppStore|Any CPU.ActiveCfg = Release|Any CPU
		{7E72E9C3-5CA3-43EE-A768-B602110D42FD}.AppStore|Any CPU.Build.0 = Release|Any CPU
		{7E72E9C3-5CA3-43EE-A768-B602110D42FD}.AppStore|Any CPU.Deploy.0 = Release|Any CPU
		{7E72E9C3-5CA3-43EE-A768-B602110D42FD}.AppStore|ARM.ActiveCfg = Release|Any CPU
		{7E72E9C3-5CA3-43EE-A768-B602110D42FD}.AppStore|ARM.Build.0 = Release|Any CPU
		{7E72E9C3-5CA3-43EE-A768-B602110D42FD}.AppStore|ARM.Deploy.0 = Release|Any CPU
		{7E72E9C3-5CA3-43EE-A768-B602110D42FD}.AppStore|iPhone.ActiveCfg = Release|Any CPU
		{7E72E9C3-5CA3-43EE-A768-B602110D42FD}.AppStore|iPhone.Build.0 = Release|Any CPU
		{7E72E9C3-5CA3-43EE-A768-B602110D42FD}.AppStore|iPhone.Deploy.0 = Release|Any CPU
		{7E72E9C3-5CA3-43EE-A768-B602110D42FD}.AppStore|iPhoneSimulator.ActiveCfg = Release|Any CPU
		{7E72E9C3-5CA3-43EE-A768-B602110D42FD}.AppStore|iPhoneSimulator.Build.0 = Release|Any CPU
		{7E72E9C3-5CA3-43EE-A768-B602110D42FD}.AppStore|iPhoneSimulator.Deploy.0 = Release|Any CPU
		{7E72E9C3-5CA3-43EE-A768-B602110D42FD}.AppStore|x64.ActiveCfg = Release|Any CPU
		{7E72E9C3-5CA3-43EE-A768-B602110D42FD}.AppStore|x64.Build.0 = Release|Any CPU
		{7E72E9C3-5CA3-43EE-A768-B602110D42FD}.AppStore|x64.Deploy.0 = Release|Any CPU
		{7E72E9C3-5CA3-43EE-A768-B602110D42FD}.AppStore|x86.ActiveCfg = Release|Any CPU
		{7E72E9C3-5CA3-43EE-A768-B602110D42FD}.AppStore|x86.Build.0 = Release|Any CPU
		{7E72E9C3-5CA3-43EE-A768-B602110D42FD}.AppStore|x86.Deploy.0 = Release|Any CPU
		{7E72E9C3-5CA3-43EE-A768-B602110D42FD}.Debug|Any CPU.ActiveCfg = Debug|Any CPU
		{7E72E9C3-5CA3-43EE-A768-B602110D42FD}.Debug|Any CPU.Build.0 = Debug|Any CPU
		{7E72E9C3-5CA3-43EE-A768-B602110D42FD}.Debug|Any CPU.Deploy.0 = Debug|Any CPU
		{7E72E9C3-5CA3-43EE-A768-B602110D42FD}.Debug|ARM.ActiveCfg = Debug|Any CPU
		{7E72E9C3-5CA3-43EE-A768-B602110D42FD}.Debug|ARM.Build.0 = Debug|Any CPU
		{7E72E9C3-5CA3-43EE-A768-B602110D42FD}.Debug|ARM.Deploy.0 = Debug|Any CPU
		{7E72E9C3-5CA3-43EE-A768-B602110D42FD}.Debug|iPhone.ActiveCfg = Debug|Any CPU
		{7E72E9C3-5CA3-43EE-A768-B602110D42FD}.Debug|iPhone.Build.0 = Debug|Any CPU
		{7E72E9C3-5CA3-43EE-A768-B602110D42FD}.Debug|iPhone.Deploy.0 = Debug|Any CPU
		{7E72E9C3-5CA3-43EE-A768-B602110D42FD}.Debug|iPhoneSimulator.ActiveCfg = Debug|Any CPU
		{7E72E9C3-5CA3-43EE-A768-B602110D42FD}.Debug|iPhoneSimulator.Build.0 = Debug|Any CPU
		{7E72E9C3-5CA3-43EE-A768-B602110D42FD}.Debug|iPhoneSimulator.Deploy.0 = Debug|Any CPU
		{7E72E9C3-5CA3-43EE-A768-B602110D42FD}.Debug|x64.ActiveCfg = Debug|Any CPU
		{7E72E9C3-5CA3-43EE-A768-B602110D42FD}.Debug|x64.Build.0 = Debug|Any CPU
		{7E72E9C3-5CA3-43EE-A768-B602110D42FD}.Debug|x64.Deploy.0 = Debug|Any CPU
		{7E72E9C3-5CA3-43EE-A768-B602110D42FD}.Debug|x86.ActiveCfg = Debug|Any CPU
		{7E72E9C3-5CA3-43EE-A768-B602110D42FD}.Debug|x86.Build.0 = Debug|Any CPU
		{7E72E9C3-5CA3-43EE-A768-B602110D42FD}.Debug|x86.Deploy.0 = Debug|Any CPU
		{7E72E9C3-5CA3-43EE-A768-B602110D42FD}.Release|Any CPU.ActiveCfg = Release|Any CPU
		{7E72E9C3-5CA3-43EE-A768-B602110D42FD}.Release|Any CPU.Build.0 = Release|Any CPU
		{7E72E9C3-5CA3-43EE-A768-B602110D42FD}.Release|Any CPU.Deploy.0 = Release|Any CPU
		{7E72E9C3-5CA3-43EE-A768-B602110D42FD}.Release|ARM.ActiveCfg = Release|Any CPU
		{7E72E9C3-5CA3-43EE-A768-B602110D42FD}.Release|ARM.Build.0 = Release|Any CPU
		{7E72E9C3-5CA3-43EE-A768-B602110D42FD}.Release|ARM.Deploy.0 = Release|Any CPU
		{7E72E9C3-5CA3-43EE-A768-B602110D42FD}.Release|iPhone.ActiveCfg = Release|Any CPU
		{7E72E9C3-5CA3-43EE-A768-B602110D42FD}.Release|iPhone.Build.0 = Release|Any CPU
		{7E72E9C3-5CA3-43EE-A768-B602110D42FD}.Release|iPhone.Deploy.0 = Release|Any CPU
		{7E72E9C3-5CA3-43EE-A768-B602110D42FD}.Release|iPhoneSimulator.ActiveCfg = Release|Any CPU
		{7E72E9C3-5CA3-43EE-A768-B602110D42FD}.Release|iPhoneSimulator.Build.0 = Release|Any CPU
		{7E72E9C3-5CA3-43EE-A768-B602110D42FD}.Release|iPhoneSimulator.Deploy.0 = Release|Any CPU
		{7E72E9C3-5CA3-43EE-A768-B602110D42FD}.Release|x64.ActiveCfg = Release|Any CPU
		{7E72E9C3-5CA3-43EE-A768-B602110D42FD}.Release|x64.Build.0 = Release|Any CPU
		{7E72E9C3-5CA3-43EE-A768-B602110D42FD}.Release|x64.Deploy.0 = Release|Any CPU
		{7E72E9C3-5CA3-43EE-A768-B602110D42FD}.Release|x86.ActiveCfg = Release|Any CPU
		{7E72E9C3-5CA3-43EE-A768-B602110D42FD}.Release|x86.Build.0 = Release|Any CPU
		{7E72E9C3-5CA3-43EE-A768-B602110D42FD}.Release|x86.Deploy.0 = Release|Any CPU
		{06BF59F9-E5BF-42AA-BC64-68A1C9308E10}.Ad-Hoc|Any CPU.ActiveCfg = Ad-Hoc|iPhone
		{06BF59F9-E5BF-42AA-BC64-68A1C9308E10}.Ad-Hoc|ARM.ActiveCfg = Ad-Hoc|iPhone
		{06BF59F9-E5BF-42AA-BC64-68A1C9308E10}.Ad-Hoc|iPhone.ActiveCfg = Ad-Hoc|iPhone
		{06BF59F9-E5BF-42AA-BC64-68A1C9308E10}.Ad-Hoc|iPhone.Build.0 = Ad-Hoc|iPhone
		{06BF59F9-E5BF-42AA-BC64-68A1C9308E10}.Ad-Hoc|iPhoneSimulator.ActiveCfg = Ad-Hoc|iPhoneSimulator
		{06BF59F9-E5BF-42AA-BC64-68A1C9308E10}.Ad-Hoc|iPhoneSimulator.Build.0 = Ad-Hoc|iPhoneSimulator
		{06BF59F9-E5BF-42AA-BC64-68A1C9308E10}.Ad-Hoc|x64.ActiveCfg = Ad-Hoc|iPhone
		{06BF59F9-E5BF-42AA-BC64-68A1C9308E10}.Ad-Hoc|x86.ActiveCfg = Ad-Hoc|iPhone
		{06BF59F9-E5BF-42AA-BC64-68A1C9308E10}.AppStore|Any CPU.ActiveCfg = AppStore|iPhone
		{06BF59F9-E5BF-42AA-BC64-68A1C9308E10}.AppStore|ARM.ActiveCfg = AppStore|iPhone
		{06BF59F9-E5BF-42AA-BC64-68A1C9308E10}.AppStore|iPhone.ActiveCfg = AppStore|iPhone
		{06BF59F9-E5BF-42AA-BC64-68A1C9308E10}.AppStore|iPhone.Build.0 = AppStore|iPhone
		{06BF59F9-E5BF-42AA-BC64-68A1C9308E10}.AppStore|iPhoneSimulator.ActiveCfg = AppStore|iPhoneSimulator
		{06BF59F9-E5BF-42AA-BC64-68A1C9308E10}.AppStore|iPhoneSimulator.Build.0 = AppStore|iPhoneSimulator
		{06BF59F9-E5BF-42AA-BC64-68A1C9308E10}.AppStore|x64.ActiveCfg = AppStore|iPhone
		{06BF59F9-E5BF-42AA-BC64-68A1C9308E10}.AppStore|x86.ActiveCfg = AppStore|iPhone
		{06BF59F9-E5BF-42AA-BC64-68A1C9308E10}.Debug|Any CPU.ActiveCfg = Debug|iPhone
		{06BF59F9-E5BF-42AA-BC64-68A1C9308E10}.Debug|ARM.ActiveCfg = Debug|iPhone
		{06BF59F9-E5BF-42AA-BC64-68A1C9308E10}.Debug|iPhone.ActiveCfg = Debug|iPhone
		{06BF59F9-E5BF-42AA-BC64-68A1C9308E10}.Debug|iPhone.Build.0 = Debug|iPhone
		{06BF59F9-E5BF-42AA-BC64-68A1C9308E10}.Debug|iPhoneSimulator.ActiveCfg = Debug|iPhoneSimulator
		{06BF59F9-E5BF-42AA-BC64-68A1C9308E10}.Debug|iPhoneSimulator.Build.0 = Debug|iPhoneSimulator
		{06BF59F9-E5BF-42AA-BC64-68A1C9308E10}.Debug|x64.ActiveCfg = Debug|iPhone
		{06BF59F9-E5BF-42AA-BC64-68A1C9308E10}.Debug|x86.ActiveCfg = Debug|iPhone
		{06BF59F9-E5BF-42AA-BC64-68A1C9308E10}.Release|Any CPU.ActiveCfg = Release|iPhone
		{06BF59F9-E5BF-42AA-BC64-68A1C9308E10}.Release|ARM.ActiveCfg = Release|iPhone
		{06BF59F9-E5BF-42AA-BC64-68A1C9308E10}.Release|iPhone.ActiveCfg = Release|iPhone
		{06BF59F9-E5BF-42AA-BC64-68A1C9308E10}.Release|iPhone.Build.0 = Release|iPhone
		{06BF59F9-E5BF-42AA-BC64-68A1C9308E10}.Release|iPhoneSimulator.ActiveCfg = Release|iPhoneSimulator
		{06BF59F9-E5BF-42AA-BC64-68A1C9308E10}.Release|iPhoneSimulator.Build.0 = Release|iPhoneSimulator
		{06BF59F9-E5BF-42AA-BC64-68A1C9308E10}.Release|x64.ActiveCfg = Release|iPhone
		{06BF59F9-E5BF-42AA-BC64-68A1C9308E10}.Release|x86.ActiveCfg = Release|iPhone
	EndGlobalSection
	GlobalSection(SolutionProperties) = preSolution
		HideSolutionNode = FALSE
	EndGlobalSection
EndGlobal
